
Microsoft Visual Studio Solution File, Format Version 12.00
# Visual Studio Version 17
VisualStudioVersion = 17.7.34003.232
MinimumVisualStudioVersion = 10.0.40219.1
Project("{FAE04EC0-301F-11D3-BF4B-00C04F79EFBC}") = "Ejericicospracti4", "Ejericicospracti4.csproj", "{0E711D27-F1A6-41F0-9727-D6DC082A0083}"
EndProject
Global
	GlobalSection(SolutionConfigurationPlatforms) = preSolution
		Debug|Any CPU = Debug|Any CPU
		Release|Any CPU = Release|Any CPU
	EndGlobalSection
	GlobalSection(ProjectConfigurationPlatforms) = postSolution
		{0E711D27-F1A6-41F0-9727-D6DC082A0083}.Debug|Any CPU.ActiveCfg = Debug|Any CPU
		{0E711D27-F1A6-41F0-9727-D6DC082A0083}.Debug|Any CPU.Build.0 = Debug|Any CPU
		{0E711D27-F1A6-41F0-9727-D6DC082A0083}.Release|Any CPU.ActiveCfg = Release|Any CPU
		{0E711D27-F1A6-41F0-9727-D6DC082A0083}.Release|Any CPU.Build.0 = Release|Any CPU
	EndGlobalSection
	GlobalSection(SolutionProperties) = preSolution
		HideSolutionNode = FALSE
	EndGlobalSection
	GlobalSection(ExtensibilityGlobals) = postSolution
		SolutionGuid = {A2CDBD60-9952-45AA-8B36-1FF1FDDA33A6}
	EndGlobalSection
EndGlobal
